# This file is autogenerated, do not edit; changes may be undone by the next 'dep ensure'.


[[projects]]
  digest = "1:ed77032e4241e3b8329c9304d66452ed196e795876e14be677a546f36b94e67a"
  name = "github.com/DataDog/zstd"
  packages = ["."]
  pruneopts = "UT"
  revision = "c7161f8c63c045cbc7ca051dcc969dd0e4054de2"
  version = "v1.3.5"

[[projects]]
  digest = "1:28917d5a3f5e53a4c8a4035195c022649c66a4d71d6357a2276cd347945bd527"
  name = "github.com/Shopify/sarama"
  packages = ["."]
  pruneopts = "UT"
  revision = "03a43f93cd29dc549e6d9b11892795c206f9c38c"
  version = "v1.20.1"

[[projects]]
  digest = "1:526d64d0a3ac6c24875724a9355895be56a21f89a5d3ab5ba88d91244269a7d8"
  name = "github.com/bsm/sarama-cluster"
  packages = ["."]
  pruneopts = "UT"
  revision = "c618e605e15c0d7535f6c96ff8efbb0dba4fd66c"
  version = "v2.1.15"

[[projects]]
  digest = "1:ffe9824d294da03b391f44e1ae8281281b4afc1bdaa9588c9097785e3af10cec"
  name = "github.com/davecgh/go-spew"
  packages = ["spew"]
  pruneopts = "UT"
  revision = "8991bc29aa16c548c550c7ff78260e27b9ab7c73"
  version = "v1.1.1"

[[projects]]
  digest = "1:1f0c7ab489b407a7f8f9ad16c25a504d28ab461517a971d341388a56156c1bd7"
  name = "github.com/eapache/go-resiliency"
  packages = ["breaker"]
  pruneopts = "UT"
  revision = "ea41b0fad31007accc7f806884dcdf3da98b79ce"
  version = "v1.1.0"

[[projects]]
  branch = "master"
  digest = "1:79f16588b5576b1b3cd90e48d2374cc9a1a8776862d28d8fd0f23b0e15534967"
  name = "github.com/eapache/go-xerial-snappy"
  packages = ["."]
  pruneopts = "UT"
  revision = "776d5712da21bc4762676d614db1d8a64f4238b0"

[[projects]]
  digest = "1:444b82bfe35c83bbcaf84e310fb81a1f9ece03edfed586483c869e2c046aef69"
  name = "github.com/eapache/queue"
  packages = ["."]
  pruneopts = "UT"
  revision = "44cc805cf13205b55f69e14bcb69867d1ae92f98"
  version = "v1.1.0"

[[projects]]
  branch = "master"
  digest = "1:bac70cf9dfdf88b92c05ec8a69d7a97e8b7e72ac748373193ebfa73cbc2e0aca"
  name = "github.com/globalsign/mgo"
  packages = [
    ".",
    "bson",
    "internal/json",
    "internal/sasl",
    "internal/scram",
    "txn",
  ]
  pruneopts = "UT"
  revision = "eeefdecb41b842af6dc652aaea4026e8403e62df"

[[projects]]
  branch = "master"
  digest = "1:b5da437e8eb9351a243733dffc8709be6c930b67994e47a2f07971bea4db05f2"
  name = "github.com/go-ocf/kit"
  packages = ["http"]
  pruneopts = "UT"
  revision = "dd56d824b49746ff155934bb988101a3e5b3b8be"

[[projects]]
  branch = "master"
  digest = "1:3c16807e9111913256c6e5eb37678cdf967d2f019f59c2cd9450077470ee20e7"
  name = "github.com/go-ocf/resource-aggregate"
  packages = [
    "protobuf",
    "protobuf/commands",
    "protobuf/events",
  ]
  pruneopts = "UT"
  revision = "6dfffc11c9682dca22b70c9094df6c39a7fecaaf"

[[projects]]
  digest = "1:bed9d72d596f94e65fff37f4d6c01398074a6bb1c3f3ceff963516bd01db6ff5"
  name = "github.com/gofrs/uuid"
  packages = ["."]
  pruneopts = "UT"
  revision = "6b08a5c5172ba18946672b49749cde22873dd7c2"
  version = "v3.2.0"

[[projects]]
  digest = "1:a9c85389dbd301c97a3499fe15a2b65b505b5f0cb0f1120dea59f1f3d6b11d96"
  name = "github.com/gogo/protobuf"
  packages = [
    "gogoproto",
    "proto",
    "protoc-gen-gogo/descriptor",
  ]
  pruneopts = "UT"
  revision = "4cbf7e384e768b4e01799441fdf2a706a5635ae7"
  version = "v1.2.0"

[[projects]]
  branch = "master"
  digest = "1:4a0c6bb4805508a6287675fac876be2ac1182539ca8a32468d8128882e9d5009"
  name = "github.com/golang/snappy"
  packages = ["."]
  pruneopts = "UT"
  revision = "2e65f85255dbc3072edf28d6b5b8efc472979f5a"

[[projects]]
  digest = "1:aaa8e0e7e35d92e21daed3f241832cee73d15ca1cd3302ba3843159a959a7eac"
  name = "github.com/klauspost/compress"
  packages = [
    "flate",
    "gzip",
    "zlib",
  ]
  pruneopts = "UT"
  revision = "30be6041bed523c18e269a700ebd9c2ea9328574"
  version = "v1.4.1"

[[projects]]
  digest = "1:2d643962fac133904694fffa959bc3c5dcfdcee38c6f5ffdd99a3c93eb9c835c"
  name = "github.com/klauspost/cpuid"
  packages = ["."]
  pruneopts = "UT"
  revision = "e7e905edc00ea8827e58662220139109efea09db"
  version = "v1.2.0"

[[projects]]
  digest = "1:e39a5ee8fcbec487f8fc68863ef95f2b025e0739b0e4aa55558a2b4cf8f0ecf0"
  name = "github.com/pierrec/lz4"
  packages = [
    ".",
    "internal/xxh32",
  ]
  pruneopts = "UT"
  revision = "635575b42742856941dbc767b44905bb9ba083f6"
  version = "v2.0.7"

[[projects]]
  digest = "1:0028cb19b2e4c3112225cd871870f2d9cf49b9b4276531f03438a88e94be86fe"
  name = "github.com/pmezard/go-difflib"
  packages = ["difflib"]
  pruneopts = "UT"
  revision = "792786c7400a136282c1664665ae0a8db921c6c2"
  version = "v1.0.0"

[[projects]]
  branch = "master"
  digest = "1:d38f81081a389f1466ec98192cf9115a82158854d6f01e1c23e2e7554b97db71"
  name = "github.com/rcrowley/go-metrics"
  packages = ["."]
  pruneopts = "UT"
  revision = "3113b8401b8a98917cde58f8bbd42a1b1c03b1fd"

[[projects]]
  digest = "1:972c2427413d41a1e06ca4897e8528e5a1622894050e2f527b38ddf0f343f759"
  name = "github.com/stretchr/testify"
  packages = ["assert"]
  pruneopts = "UT"
  revision = "ffdc059bfe9ce6a4e144ba849dbedead332c6053"
  version = "v1.3.0"

[[projects]]
  digest = "1:c468422f334a6b46a19448ad59aaffdfc0a36b08fdcc1c749a0b29b6453d7e59"
  name = "github.com/valyala/bytebufferpool"
  packages = ["."]
  pruneopts = "UT"
  revision = "e746df99fe4a3986f4d4f79e13c1e0117ce9c2f7"
  version = "v1.0.0"

[[projects]]
  digest = "1:15ad8a80098fcc7a194b9db6b26d74072a852e4faa957848c8118193d3c69230"
  name = "github.com/valyala/fasthttp"
  packages = [
    ".",
    "fasthttputil",
    "stackless",
  ]
  pruneopts = "UT"
  revision = "e5f51c11919d4f66400334047b897ef0a94c6f3c"
  version = "v20180529"

[solve-meta]
  analyzer-name = "dep"
  analyzer-version = 1
  input-imports = [
    "github.com/Shopify/sarama",
    "github.com/bsm/sarama-cluster",
    "github.com/globalsign/mgo",
    "github.com/globalsign/mgo/bson",
    "github.com/globalsign/mgo/txn",
    "github.com/go-ocf/kit/http",
    "github.com/go-ocf/resource-aggregate/protobuf",
    "github.com/go-ocf/resource-aggregate/protobuf/commands",
    "github.com/go-ocf/resource-aggregate/protobuf/events",
    "github.com/gofrs/uuid",
    "github.com/gogo/protobuf/gogoproto",
    "github.com/gogo/protobuf/proto",
    "github.com/stretchr/testify/assert",
  ]
  solver-name = "gps-cdcl"
  solver-version = 1
